
Microsoft Visual Studio Solution File, Format Version 12.00
# Visual Studio Version 17
VisualStudioVersion = 17.4.33122.133
MinimumVisualStudioVersion = 10.0.40219.1
Project("{FAE04EC0-301F-11D3-BF4B-00C04F79EFBC}") = "featherlight-client", "featherlight-client\featherlight-client.csproj", "{5641B5D9-6F5B-4E01-AD8C-54D0B35E3716}"
EndProject
Global
	GlobalSection(SolutionConfigurationPlatforms) = preSolution
		Debug|Any CPU = Debug|Any CPU
		Release|Any CPU = Release|Any CPU
	EndGlobalSection
	GlobalSection(ProjectConfigurationPlatforms) = postSolution
		{5641B5D9-6F5B-4E01-AD8C-54D0B35E3716}.Debug|Any CPU.ActiveCfg = Debug|Any CPU
		{5641B5D9-6F5B-4E01-AD8C-54D0B35E3716}.Debug|Any CPU.Build.0 = Debug|Any CPU
		{5641B5D9-6F5B-4E01-AD8C-54D0B35E3716}.Release|Any CPU.ActiveCfg = Release|Any CPU
		{5641B5D9-6F5B-4E01-AD8C-54D0B35E3716}.Release|Any CPU.Build.0 = Release|Any CPU
	EndGlobalSection
	GlobalSection(SolutionProperties) = preSolution
		HideSolutionNode = FALSE
	EndGlobalSection
	GlobalSection(ExtensibilityGlobals) = postSolution
		SolutionGuid = {78261658-ACA4-442C-A4C1-3F15580981F3}
	EndGlobalSection
EndGlobal
